#
# This file is autogenerated by pip-compile with Python 3.10
# by the following command:
#
#    pip-compile --cert=None --client-cert=None --index-url=None --no-index --output-file=requirements.lock --pip-args=None --resolver=legacy --strip-extras requirements.txt
#
a2a-sdk==1.1.2
    # via -r requirements.txt
aiofiles==23.2.1
    # via -r requirements.txt
aiohttp==3.9.1
    # via -r requirements.txt
aiologic==0.17.1
    # via culsans
aiosignal==1.4.0
    # via aiohttp
annotated-types==0.8.0
    # via pydantic
anyio==4.14.2
    # via
    #   google-genai
    #   httpx
    #   httpx2
    #   langsmith
    #   mcp
    #   openai
    #   sse-starlette
    #   starlette
async-timeout==4.0.3
    # via aiohttp
attrs==26.1.0
    # via
    #   aiohttp
    #   jsonschema
    #   referencing
babel==2.18.0
    # via courlan
beautifulsoup4==4.12.2
    # via -r requirements.txt
bleach==6.1.0
    # via -r requirements.txt
brotli==1.1.0
    # via -r requirements.txt
certifi==2026.7.22
    # via
    #   httpcore
    #   httpx
    #   requests
    #   trafilatura
cffi==2.1.1
    # via cryptography
charset-normalizer==3.5.1
    # via
    #   htmldate
    #   requests
    #   trafilatura
click==8.5.0
    # via
    #   huggingface-hub
    #   uvicorn
coloredlogs==15.0.1
    # via onnxruntime
concurrent-log-handler==0.9.24
    # via -r requirements.txt
courlan==1.4.0
    # via trafilatura
cryptography==50.0.1
    # via
    #   google-auth
    #   pyjwt
culsans==0.11.0
    # via a2a-sdk
dateparser==1.4.2
    # via htmldate
distro==1.9.0
    # via
    #   google-genai
    #   langsmith
    #   openai
exceptiongroup==1.3.1
    # via
    #   anyio
    #   pytest
fastapi==0.109.0
    # via -r requirements.txt
fastembed==0.8.0
    # via
    #   -r requirements.txt
    #   qdrant-client
filelock==3.32.5
    # via huggingface-hub
flatbuffers==25.12.19
    # via onnxruntime
frozenlist==1.8.0
    # via
    #   aiohttp
    #   aiosignal
fsspec==2026.7.0
    # via huggingface-hub
google-api-core==2.34.0
    # via a2a-sdk
google-auth==2.57.0
    # via
    #   google-api-core
    #   google-genai
google-genai==1.60.0
    # via
    #   -r requirements.txt
    #   vrraj-llm-adapter
googleapis-common-protos==1.75.2
    # via
    #   a2a-sdk
    #   google-api-core
grpcio==1.83.1
    # via qdrant-client
h11==0.16.0
    # via
    #   httpcore
    #   httpcore2
    #   uvicorn
h2==4.4.1
    # via httpx
hf-xet==1.6.0
    # via huggingface-hub
hpack==4.2.0
    # via h2
htmldate==1.8.1
    # via
    #   -r requirements.txt
    #   trafilatura
httpcore==1.0.9
    # via httpx
httpcore2==2.12.0
    # via httpx2
httpx==0.28.1
    # via
    #   -r requirements.txt
    #   a2a-sdk
    #   google-genai
    #   huggingface-hub
    #   openai
    #   qdrant-client
    #   vrraj-llm-adapter
httpx2==2.12.0
    # via
    #   langsmith
    #   mcp
huggingface-hub==1.29.0
    # via
    #   fastembed
    #   tokenizers
humanfriendly==10.0
    # via coloredlogs
hyperframe==6.1.0
    # via h2
idna==3.19
    # via
    #   anyio
    #   httpx
    #   httpx2
    #   requests
    #   yarl
iniconfig==2.3.0
    # via pytest
jinja2==3.1.3
    # via -r requirements.txt
jiter==0.16.0
    # via openai
json-rpc==1.15.0
    # via a2a-sdk
jsonpatch==1.33
    # via langchain-core
jsonpointer==3.1.1
    # via jsonpatch
jsonschema==4.26.0
    # via mcp
jsonschema-specifications==2025.9.1
    # via jsonschema
justext==3.0.2
    # via trafilatura
langchain-core==0.3.86
    # via langchain-text-splitters
langchain-text-splitters==0.3.8
    # via -r requirements.txt
langsmith==0.12.1
    # via langchain-core
loguru==0.7.3
    # via fastembed
lxml==5.4.0
    # via
    #   htmldate
    #   justext
    #   lxml-html-clean
    #   trafilatura
lxml-html-clean==0.4.4
    # via
    #   -r requirements.txt
    #   lxml
markdown==3.6
    # via -r requirements.txt
markdown-it-py==3.0.0
    # via
    #   -r requirements.txt
    #   mdit-py-plugins
markupsafe==3.0.3
    # via jinja2
mcp==2.0.0
    # via -r requirements.txt
mcp-types==2.0.0
    # via mcp
mdit-py-plugins==0.4.0
    # via -r requirements.txt
mdurl==0.1.2
    # via markdown-it-py
mmh3==5.3.0
    # via fastembed
mpmath==1.3.0
    # via sympy
multidict==6.7.1
    # via
    #   aiohttp
    #   yarl
mwparserfromhell==0.6.5
    # via -r requirements.txt
networkx==3.4.2
    # via pymupdf-layout
numpy==2.2.6
    # via
    #   fastembed
    #   onnxruntime
    #   pymupdf-layout
    #   qdrant-client
    #   vrraj-llm-adapter
onnxruntime==1.23.2
    # via
    #   fastembed
    #   pymupdf-layout
openai==2.8.1
    # via
    #   -r requirements.txt
    #   vrraj-llm-adapter
opentelemetry-api==1.44.0
    # via mcp
orjson==3.12.0
    # via langsmith
packaging==25.0
    # via
    #   a2a-sdk
    #   huggingface-hub
    #   langchain-core
    #   langsmith
    #   onnxruntime
    #   pytest
pillow==12.3.0
    # via fastembed
pluggy==1.6.0
    # via pytest
portalocker==3.2.0
    # via
    #   concurrent-log-handler
    #   qdrant-client
propcache==0.5.2
    # via yarl
proto-plus==1.28.4
    # via google-api-core
protobuf==6.33.6
    # via
    #   a2a-sdk
    #   google-api-core
    #   googleapis-common-protos
    #   onnxruntime
    #   proto-plus
    #   qdrant-client
psutil==7.2.2
    # via pymupdf4llm
py-rust-stemmers==0.1.8
    # via fastembed
pyasn1==0.6.4
    # via pyasn1-modules
pyasn1-modules==0.4.2
    # via google-auth
pycparser==3.0
    # via cffi
pydantic==2.13.4
    # via
    #   -r requirements.txt
    #   a2a-sdk
    #   fastapi
    #   google-genai
    #   langchain-core
    #   langsmith
    #   mcp
    #   mcp-types
    #   openai
    #   pydantic-settings
    #   qdrant-client
    #   vrraj-llm-adapter
pydantic-core==2.46.4
    # via pydantic
pydantic-settings==2.7.1
    # via
    #   -r requirements.txt
    #   vrraj-llm-adapter
pyjwt==2.13.0
    # via mcp
pymupdf==1.28.2
    # via
    #   pymupdf-layout
    #   pymupdf4llm
pymupdf-layout==1.28.2
    # via pymupdf4llm
pymupdf4llm==1.28.2
    # via -r requirements.txt
pytest==8.2.1
    # via
    #   -r requirements.txt
    #   pytest-asyncio
pytest-asyncio==0.23.5
    # via -r requirements.txt
python-dateutil==2.9.0.post0
    # via
    #   dateparser
    #   htmldate
python-dotenv==1.0.0
    # via
    #   -r requirements.txt
    #   pydantic-settings
    #   vrraj-llm-adapter
python-multipart==0.0.20
    # via
    #   -r requirements.txt
    #   mcp
pytz==2026.3.post1
    # via dateparser
pyyaml==6.0.1
    # via
    #   -r requirements.txt
    #   huggingface-hub
    #   langchain-core
    #   pymupdf-layout
qdrant-client==1.19.0
    # via -r requirements.txt
referencing==0.37.0
    # via
    #   jsonschema
    #   jsonschema-specifications
regex==2026.9.3
    # via
    #   dateparser
    #   tiktoken
requests==2.34.2
    # via
    #   fastembed
    #   google-api-core
    #   google-auth
    #   google-genai
    #   langsmith
    #   requests-toolbelt
    #   tiktoken
requests-toolbelt==1.0.0
    # via langsmith
rpds-py==0.30.0
    # via
    #   jsonschema
    #   referencing
six==1.17.0
    # via
    #   bleach
    #   python-dateutil
sniffio==1.3.1
    # via
    #   aiologic
    #   google-genai
    #   langsmith
    #   openai
soupsieve==2.9.2
    # via beautifulsoup4
sse-starlette==3.0.3
    # via
    #   -r requirements.txt
    #   a2a-sdk
    #   mcp
starlette==0.35.1
    # via
    #   a2a-sdk
    #   fastapi
    #   mcp
sympy==1.14.0
    # via onnxruntime
tabulate==0.10.0
    # via pymupdf4llm
tenacity==9.1.4
    # via
    #   google-genai
    #   langchain-core
tiktoken==0.5.2
    # via -r requirements.txt
timeseries-sparklines==0.1.2
    # via -r requirements.txt
tld==0.13.2
    # via courlan
tokenizers==0.23.1
    # via fastembed
tomli==2.4.1
    # via pytest
tqdm==4.70.0
    # via
    #   fastembed
    #   huggingface-hub
    #   openai
trafilatura==1.12.2
    # via -r requirements.txt
truststore==0.10.4
    # via
    #   httpcore2
    #   httpx2
typing-extensions==4.16.0
    # via
    #   aiologic
    #   aiosignal
    #   anyio
    #   cryptography
    #   culsans
    #   exceptiongroup
    #   fastapi
    #   google-genai
    #   grpcio
    #   httpx2
    #   huggingface-hub
    #   langchain-core
    #   langsmith
    #   mcp
    #   mcp-types
    #   multidict
    #   openai
    #   opentelemetry-api
    #   pydantic
    #   pydantic-core
    #   pyjwt
    #   referencing
    #   typing-inspection
    #   uvicorn
typing-inspection==0.4.4
    # via
    #   mcp
    #   pydantic
tzlocal==5.4.4
    # via dateparser
urllib3==2.7.0
    # via
    #   courlan
    #   htmldate
    #   qdrant-client
    #   requests
    #   trafilatura
uuid-utils==0.17.0
    # via
    #   langchain-core
    #   langsmith
uvicorn==0.32.1
    # via
    #   -r requirements.txt
    #   mcp
vrraj-llm-adapter==1.0.5
    # via -r requirements.txt
webencodings==0.6.1
    # via bleach
websockets==15.0.1
    # via
    #   google-genai
    #   langsmith
wrapt==2.4.0
    # via aiologic
xxhash==4.0.1
    # via langsmith
yarl==1.24.5
    # via aiohttp
zstandard==0.25.0
    # via langsmith
